PODS:
  - CHCSVParser (2.1.0)
  - Crashlytics (3.9.3):
    - Fabric (~> 1.7.2)
  - DZNEmptyDataSet (1.8.1)
  - Eureka (4.0.1)
  - Fabric (1.7.2)
  - ImageRow (3.0.0):
    - Eureka (~> 4.0)
  - SimulatorStatusMagic (2.0)
  - SVProgressHUD (2.2.2)
  - SwiftyJSON (3.1.4)

DEPENDENCIES:
  - CHCSVParser (from `https://github.com/davedelong/CHCSVParser.git`)
  - Crashlytics
  - DZNEmptyDataSet (~> 1.8)
  - Eureka (~> 4.0)
  - Fabric
  - ImageRow (from `https://github.com/EurekaCommunity/ImageRow.git`)
  - SimulatorStatusMagic
  - SVProgressHUD (~> 2.2)
  - SwiftyJSON (~> 3.1)

EXTERNAL SOURCES:
  CHCSVParser:
    :git: https://github.com/davedelong/CHCSVParser.git
  ImageRow:
    :git: https://github.com/EurekaCommunity/ImageRow.git

CHECKOUT OPTIONS:
  CHCSVParser:
    :commit: 3ee99563177e8b59c90b85516a868338212ab671
    :git: https://github.com/davedelong/CHCSVParser.git
  ImageRow:
    :commit: a673639b85e83e5a6bd2841dc9cad948b62ed0d0
    :git: https://github.com/EurekaCommunity/ImageRow.git

SPEC CHECKSUMS:
  CHCSVParser: 64da26e2b4ddbf7527f7f03120bf91d83d28f354
  Crashlytics: dbb07d01876c171c5ccbdf7826410380189e452c
  DZNEmptyDataSet: 9525833b9e68ac21c30253e1d3d7076cc828eaa7
  Eureka: c8bd5cc07143b6f66268c208d28a246c99b41955
  Fabric: 9cd6a848efcf1b8b07497e0b6a2e7d336353ba15
  ImageRow: 2683a3b621210ea05c1f3a2fa294d8d14342d24c
  SimulatorStatusMagic: c8e958d70e0e0cd2d7cf33bb95014a222ddecf0a
  SVProgressHUD: 59b2d3dabacbd051576d21d32293ca7228dc18b0
  SwiftyJSON: c2842d878f95482ffceec5709abc3d05680c0220

PODFILE CHECKSUM: 7c155d53fedfb0ff76f57af9dd62eba16188a102

COCOAPODS: 1.3.1
